// !$*UTF8*$!
{
	archiveVersion = 1;
	classes = {
	};
	objectVersion = 50;
	objects = {

/* Begin PBXBuildFile section */
		47F77977400E8655D0AC2EDA /* Pods_Tip_Calculator.framework in Frameworks */ = {isa = PBXBuildFile; fileRef = D6257C5B9F8213CD9E7E848F /* Pods_Tip_Calculator.framework */; };
		A3286D4B23CE806B0013227D /* AppDelegate.swift in Sources */ = {isa = PBXBuildFile; fileRef = A3286D4A23CE806B0013227D /* AppDelegate.swift */; };
		A3286D4D23CE806B0013227D /* SceneDelegate.swift in Sources */ = {isa = PBXBuildFile; fileRef = A3286D4C23CE806B0013227D /* SceneDelegate.swift */; };
		A3286D5023CE806B0013227D /* Tip_Calculator.xcdatamodeld in Sources */ = {isa = PBXBuildFile; fileRef = A3286D4E23CE806B0013227D /* Tip_Calculator.xcdatamodeld */; };
		A3286D5223CE806B0013227D /* ContentView.swift in Sources */ = {isa = PBXBuildFile; fileRef = A3286D5123CE806B0013227D /* ContentView.swift */; };
		A3286D5423CE806C0013227D /* Assets.xcassets in Resources */ = {isa = PBXBuildFile; fileRef = A3286D5323CE806C0013227D /* Assets.xcassets */; };
		A3286D5723CE806C0013227D /* Preview Assets.xcassets in Resources */ = {isa = PBXBuildFile; fileRef = A3286D5623CE806C0013227D /* Preview Assets.xcassets */; };
		A3286D5A23CE806C0013227D /* LaunchScreen.storyboard in Resources */ = {isa = PBXBuildFile; fileRef = A3286D5823CE806C0013227D /* LaunchScreen.storyboard */; };
		A3286D6523CE806C0013227D /* Tip_CalculatorTests.swift in Sources */ = {isa = PBXBuildFile; fileRef = A3286D6423CE806C0013227D /* Tip_CalculatorTests.swift */; };
		A3286D7023CE806C0013227D /* Tip_CalculatorUITests.swift in Sources */ = {isa = PBXBuildFile; fileRef = A3286D6F23CE806C0013227D /* Tip_CalculatorUITests.swift */; };
		A3286D7F23CE8DCD0013227D /* MoneyInput.swift in Sources */ = {isa = PBXBuildFile; fileRef = A3286D7E23CE8DCD0013227D /* MoneyInput.swift */; };
		A3286D8123CF24250013227D /* Settings.swift in Sources */ = {isa = PBXBuildFile; fileRef = A3286D8023CF24250013227D /* Settings.swift */; };
/* End PBXBuildFile section */

/* Begin PBXContainerItemProxy section */
		A3286D6123CE806C0013227D /* PBXContainerItemProxy */ = {
			isa = PBXContainerItemProxy;
			containerPortal = A3286D3F23CE806B0013227D /* Project object */;
			proxyType = 1;
			remoteGlobalIDString = A3286D4623CE806B0013227D;
			remoteInfo = "Tip Calculator";
		};
		A3286D6C23CE806C0013227D /* PBXContainerItemProxy */ = {
			isa = PBXContainerItemProxy;
			containerPortal = A3286D3F23CE806B0013227D /* Project object */;
			proxyType = 1;
			remoteGlobalIDString = A3286D4623CE806B0013227D;
			remoteInfo = "Tip Calculator";
		};
/* End PBXContainerItemProxy section */

/* Begin PBXFileReference section */
		73A999848F7BD3D4ECF740C8 /* Pods-Tip Calculator.release.xcconfig */ = {isa = PBXFileReference; includeInIndex = 1; lastKnownFileType = text.xcconfig; name = "Pods-Tip Calculator.release.xcconfig"; path = "Target Support Files/Pods-Tip Calculator/Pods-Tip Calculator.release.xcconfig"; sourceTree = "<group>"; };
		868D8978281815689E442825 /* Pods-Tip Calculator.debug.xcconfig */ = {isa = PBXFileReference; includeInIndex = 1; lastKnownFileType = text.xcconfig; name = "Pods-Tip Calculator.debug.xcconfig"; path = "Target Support Files/Pods-Tip Calculator/Pods-Tip Calculator.debug.xcconfig"; sourceTree = "<group>"; };
		A3286D4723CE806B0013227D /* Tip Calculator.app */ = {isa = PBXFileReference; explicitFileType = wrapper.application; includeInIndex = 0; path = "Tip Calculator.app"; sourceTree = BUILT_PRODUCTS_DIR; };
		A3286D4A23CE806B0013227D /* AppDelegate.swift */ = {isa = PBXFileReference; lastKnownFileType = sourcecode.swift; path = AppDelegate.swift; sourceTree = "<group>"; };
		A3286D4C23CE806B0013227D /* SceneDelegate.swift */ = {isa = PBXFileReference; lastKnownFileType = sourcecode.swift; path = SceneDelegate.swift; sourceTree = "<group>"; };
		A3286D4F23CE806B0013227D /* Tip_Calculator.xcdatamodel */ = {isa = PBXFileReference; lastKnownFileType = wrapper.xcdatamodel; path = Tip_Calculator.xcdatamodel; sourceTree = "<group>"; };
		A3286D5123CE806B0013227D /* ContentView.swift */ = {isa = PBXFileReference; lastKnownFileType = sourcecode.swift; path = ContentView.swift; sourceTree = "<group>"; };
		A3286D5323CE806C0013227D /* Assets.xcassets */ = {isa = PBXFileReference; lastKnownFileType = folder.assetcatalog; path = Assets.xcassets; sourceTree = "<group>"; };
		A3286D5623CE806C0013227D /* Preview Assets.xcassets */ = {isa = PBXFileReference; lastKnownFileType = folder.assetcatalog; path = "Preview Assets.xcassets"; sourceTree = "<group>"; };
		A3286D5923CE806C0013227D /* Base */ = {isa = PBXFileReference; lastKnownFileType = file.storyboard; name = Base; path = Base.lproj/LaunchScreen.storyboard; sourceTree = "<group>"; };
		A3286D5B23CE806C0013227D /* Info.plist */ = {isa = PBXFileReference; lastKnownFileType = text.plist.xml; path = Info.plist; sourceTree = "<group>"; };
		A3286D6023CE806C0013227D /* Tip CalculatorTests.xctest */ = {isa = PBXFileReference; explicitFileType = wrapper.cfbundle; includeInIndex = 0; path = "Tip CalculatorTests.xctest"; sourceTree = BUILT_PRODUCTS_DIR; };
		A3286D6423CE806C0013227D /* Tip_CalculatorTests.swift */ = {isa = PBXFileReference; lastKnownFileType = sourcecode.swift; path = Tip_CalculatorTests.swift; sourceTree = "<group>"; };
		A3286D6623CE806C0013227D /* Info.plist */ = {isa = PBXFileReference; lastKnownFileType = text.plist.xml; path = Info.plist; sourceTree = "<group>"; };
		A3286D6B23CE806C0013227D /* Tip CalculatorUITests.xctest */ = {isa = PBXFileReference; explicitFileType = wrapper.cfbundle; includeInIndex = 0; path = "Tip CalculatorUITests.xctest"; sourceTree = BUILT_PRODUCTS_DIR; };
		A3286D6F23CE806C0013227D /* Tip_CalculatorUITests.swift */ = {isa = PBXFileReference; lastKnownFileType = sourcecode.swift; path = Tip_CalculatorUITests.swift; sourceTree = "<group>"; };
		A3286D7123CE806C0013227D /* Info.plist */ = {isa = PBXFileReference; lastKnownFileType = text.plist.xml; path = Info.plist; sourceTree = "<group>"; };
		A3286D7E23CE8DCD0013227D /* MoneyInput.swift */ = {isa = PBXFileReference; lastKnownFileType = sourcecode.swift; path = MoneyInput.swift; sourceTree = "<group>"; };
		A3286D8023CF24250013227D /* Settings.swift */ = {isa = PBXFileReference; lastKnownFileType = sourcecode.swift; path = Settings.swift; sourceTree = "<group>"; };
		D6257C5B9F8213CD9E7E848F /* Pods_Tip_Calculator.framework */ = {isa = PBXFileReference; explicitFileType = wrapper.framework; includeInIndex = 0; path = Pods_Tip_Calculator.framework; sourceTree = BUILT_PRODUCTS_DIR; };
/* End PBXFileReference section */

/* Begin PBXFrameworksBuildPhase section */
		A3286D4423CE806B0013227D /* Frameworks */ = {
			isa = PBXFrameworksBuildPhase;
			buildActionMask = 2147483647;
			files = (
				47F77977400E8655D0AC2EDA /* Pods_Tip_Calculator.framework in Frameworks */,
			);
			runOnlyForDeploymentPostprocessing = 0;
		};
		A3286D5D23CE806C0013227D /* Frameworks */ = {
			isa = PBXFrameworksBuildPhase;
			buildActionMask = 2147483647;
			files = (
			);
			runOnlyForDeploymentPostprocessing = 0;
		};
		A3286D6823CE806C0013227D /* Frameworks */ = {
			isa = PBXFrameworksBuildPhase;
			buildActionMask = 2147483647;
			files = (
			);
			runOnlyForDeploymentPostprocessing = 0;
		};
/* End PBXFrameworksBuildPhase section */

/* Begin PBXGroup section */
		7FF1F617292657954D850097 /* Pods */ = {
			isa = PBXGroup;
			children = (
				868D8978281815689E442825 /* Pods-Tip Calculator.debug.xcconfig */,
				73A999848F7BD3D4ECF740C8 /* Pods-Tip Calculator.release.xcconfig */,
			);
			name = Pods;
			path = Pods;
			sourceTree = "<group>";
		};
		8B240EDC191B0113BC95B618 /* Frameworks */ = {
			isa = PBXGroup;
			children = (
				D6257C5B9F8213CD9E7E848F /* Pods_Tip_Calculator.framework */,
			);
			name = Frameworks;
			sourceTree = "<group>";
		};
		A3286D3E23CE806B0013227D = {
			isa = PBXGroup;
			children = (
				A3286D4923CE806B0013227D /* Tip Calculator */,
				A3286D6323CE806C0013227D /* Tip CalculatorTests */,
				A3286D6E23CE806C0013227D /* Tip CalculatorUITests */,
				A3286D4823CE806B0013227D /* Products */,
				7FF1F617292657954D850097 /* Pods */,
				8B240EDC191B0113BC95B618 /* Frameworks */,
			);
			sourceTree = "<group>";
		};
		A3286D4823CE806B0013227D /* Products */ = {
			isa = PBXGroup;
			children = (
				A3286D4723CE806B0013227D /* Tip Calculator.app */,
				A3286D6023CE806C0013227D /* Tip CalculatorTests.xctest */,
				A3286D6B23CE806C0013227D /* Tip CalculatorUITests.xctest */,
			);
			name = Products;
			sourceTree = "<group>";
		};
		A3286D4923CE806B0013227D /* Tip Calculator */ = {
			isa = PBXGroup;
			children = (
				A3286D7D23CE8D8A0013227D /* Views */,
				A3286D4A23CE806B0013227D /* AppDelegate.swift */,
				A3286D4C23CE806B0013227D /* SceneDelegate.swift */,
				A3286D5123CE806B0013227D /* ContentView.swift */,
				A3286D5323CE806C0013227D /* Assets.xcassets */,
				A3286D5823CE806C0013227D /* LaunchScreen.storyboard */,
				A3286D5B23CE806C0013227D /* Info.plist */,
				A3286D4E23CE806B0013227D /* Tip_Calculator.xcdatamodeld */,
				A3286D5523CE806C0013227D /* Preview Content */,
			);
			path = "Tip Calculator";
			sourceTree = "<group>";
		};
		A3286D5523CE806C0013227D /* Preview Content */ = {
			isa = PBXGroup;
			children = (
				A3286D5623CE806C0013227D /* Preview Assets.xcassets */,
			);
			path = "Preview Content";
			sourceTree = "<group>";
		};
		A3286D6323CE806C0013227D /* Tip CalculatorTests */ = {
			isa = PBXGroup;
			children = (
				A3286D6423CE806C0013227D /* Tip_CalculatorTests.swift */,
				A3286D6623CE806C0013227D /* Info.plist */,
			);
			path = "Tip CalculatorTests";
			sourceTree = "<group>";
		};
		A3286D6E23CE806C0013227D /* Tip CalculatorUITests */ = {
			isa = PBXGroup;
			children = (
				A3286D6F23CE806C0013227D /* Tip_CalculatorUITests.swift */,
				A3286D7123CE806C0013227D /* Info.plist */,
			);
			path = "Tip CalculatorUITests";
			sourceTree = "<group>";
		};
		A3286D7D23CE8D8A0013227D /* Views */ = {
			isa = PBXGroup;
			children = (
				A3286D7E23CE8DCD0013227D /* MoneyInput.swift */,
				A3286D8023CF24250013227D /* Settings.swift */,
			);
			path = Views;
			sourceTree = "<group>";
		};
/* End PBXGroup section */

/* Begin PBXNativeTarget section */
		A3286D4623CE806B0013227D /* Tip Calculator */ = {
			isa = PBXNativeTarget;
			buildConfigurationList = A3286D7423CE806C0013227D /* Build configuration list for PBXNativeTarget "Tip Calculator" */;
			buildPhases = (
				A435C348B12F1B5181793010 /* [CP] Check Pods Manifest.lock */,
				A3286D4323CE806B0013227D /* Sources */,
				A3286D4423CE806B0013227D /* Frameworks */,
				A3286D4523CE806B0013227D /* Resources */,
				7BD79836E0F49396596A7672 /* [CP] Embed Pods Frameworks */,
			);
			buildRules = (
			);
			dependencies = (
			);
			name = "Tip Calculator";
			productName = "Tip Calculator";
			productReference = A3286D4723CE806B0013227D /* Tip Calculator.app */;
			productType = "com.apple.product-type.application";
		};
		A3286D5F23CE806C0013227D /* Tip CalculatorTests */ = {
			isa = PBXNativeTarget;
			buildConfigurationList = A3286D7723CE806C0013227D /* Build configuration list for PBXNativeTarget "Tip CalculatorTests" */;
			buildPhases = (
				A3286D5C23CE806C0013227D /* Sources */,
				A3286D5D23CE806C0013227D /* Frameworks */,
				A3286D5E23CE806C0013227D /* Resources */,
			);
			buildRules = (
			);
			dependencies = (
				A3286D6223CE806C0013227D /* PBXTargetDependency */,
			);
			name = "Tip CalculatorTests";
			productName = "Tip CalculatorTests";
			productReference = A3286D6023CE806C0013227D /* Tip CalculatorTests.xctest */;
			productType = "com.apple.product-type.bundle.unit-test";
		};
		A3286D6A23CE806C0013227D /* Tip CalculatorUITests */ = {
			isa = PBXNativeTarget;
			buildConfigurationList = A3286D7A23CE806C0013227D /* Build configuration list for PBXNativeTarget "Tip CalculatorUITests" */;
			buildPhases = (
				A3286D6723CE806C0013227D /* Sources */,
				A3286D6823CE806C0013227D /* Frameworks */,
				A3286D6923CE806C0013227D /* Resources */,
			);
			buildRules = (
			);
			dependencies = (
				A3286D6D23CE806C0013227D /* PBXTargetDependency */,
			);
			name = "Tip CalculatorUITests";
			productName = "Tip CalculatorUITests";
			productReference = A3286D6B23CE806C0013227D /* Tip CalculatorUITests.xctest */;
			productType = "com.apple.product-type.bundle.ui-testing";
		};
/* End PBXNativeTarget section */

/* Begin PBXProject section */
		A3286D3F23CE806B0013227D /* Project object */ = {
			isa = PBXProject;
			attributes = {
				LastSwiftUpdateCheck = 1130;
				LastUpgradeCheck = 1130;
				ORGANIZATIONNAME = "Paul Pan";
				TargetAttributes = {
					A3286D4623CE806B0013227D = {
						CreatedOnToolsVersion = 11.3;
					};
					A3286D5F23CE806C0013227D = {
						CreatedOnToolsVersion = 11.3;
						TestTargetID = A3286D4623CE806B0013227D;
					};
					A3286D6A23CE806C0013227D = {
						CreatedOnToolsVersion = 11.3;
						TestTargetID = A3286D4623CE806B0013227D;
					};
				};
			};
			buildConfigurationList = A3286D4223CE806B0013227D /* Build configuration list for PBXProject "Tip Calculator" */;
			compatibilityVersion = "Xcode 9.3";
			developmentRegion = en;
			hasScannedForEncodings = 0;
			knownRegions = (
				en,
				Base,
			);
			mainGroup = A3286D3E23CE806B0013227D;
			productRefGroup = A3286D4823CE806B0013227D /* Products */;
			projectDirPath = "";
			projectRoot = "";
			targets = (
				A3286D4623CE806B0013227D /* Tip Calculator */,
				A3286D5F23CE806C0013227D /* Tip CalculatorTests */,
				A3286D6A23CE806C0013227D /* Tip CalculatorUITests */,
			);
		};
/* End PBXProject section */

/* Begin PBXResourcesBuildPhase section */
		A3286D4523CE806B0013227D /* Resources */ = {
			isa = PBXResourcesBuildPhase;
			buildActionMask = 2147483647;
			files = (
				A3286D5A23CE806C0013227D /* LaunchScreen.storyboard in Resources */,
				A3286D5723CE806C0013227D /* Preview Assets.xcassets in Resources */,
				A3286D5423CE806C0013227D /* Assets.xcassets in Resources */,
			);
			runOnlyForDeploymentPostprocessing = 0;
		};
		A3286D5E23CE806C0013227D /* Resources */ = {
			isa = PBXResourcesBuildPhase;
			buildActionMask = 2147483647;
			files = (
			);
			runOnlyForDeploymentPostprocessing = 0;
		};
		A3286D6923CE806C0013227D /* Resources */ = {
			isa = PBXResourcesBuildPhase;
			buildActionMask = 2147483647;
			files = (
			);
			runOnlyForDeploymentPostprocessing = 0;
		};
/* End PBXResourcesBuildPhase section */

/* Begin PBXShellScriptBuildPhase section */
		7BD79836E0F49396596A7672 /* [CP] Embed Pods Frameworks */ = {
			isa = PBXShellScriptBuildPhase;
			buildActionMask = 2147483647;
			files = (
			);
			inputFileListPaths = (
				"${PODS_ROOT}/Target Support Files/Pods-Tip Calculator/Pods-Tip Calculator-frameworks-${CONFIGURATION}-input-files.xcfilelist",
			);
			name = "[CP] Embed Pods Frameworks";
			outputFileListPaths = (
				"${PODS_ROOT}/Target Support Files/Pods-Tip Calculator/Pods-Tip Calculator-frameworks-${CONFIGURATION}-output-files.xcfilelist",
			);
			runOnlyForDeploymentPostprocessing = 0;
			shellPath = /bin/sh;
			shellScript = "\"${PODS_ROOT}/Target Support Files/Pods-Tip Calculator/Pods-Tip Calculator-frameworks.sh\"\n";
			showEnvVarsInLog = 0;
		};
		A435C348B12F1B5181793010 /* [CP] Check Pods Manifest.lock */ = {
			isa = PBXShellScriptBuildPhase;
			buildActionMask = 2147483647;
			files = (
			);
			inputFileListPaths = (
			);
			inputPaths = (
				"${PODS_PODFILE_DIR_PATH}/Podfile.lock",
				"${PODS_ROOT}/Manifest.lock",
			);
			name = "[CP] Check Pods Manifest.lock";
			outputFileListPaths = (
			);
			outputPaths = (
				"$(DERIVED_FILE_DIR)/Pods-Tip Calculator-checkManifestLockResult.txt",
			);
			runOnlyForDeploymentPostprocessing = 0;
			shellPath = /bin/sh;
			shellScript = "diff \"${PODS_PODFILE_DIR_PATH}/Podfile.lock\" \"${PODS_ROOT}/Manifest.lock\" > /dev/null\nif [ $? != 0 ] ; then\n    # print error to STDERR\n    echo \"error: The sandbox is not in sync with the Podfile.lock. Run 'pod install' or update your CocoaPods installation.\" >&2\n    exit 1\nfi\n# This output is used by Xcode 'outputs' to avoid re-running this script phase.\necho \"SUCCESS\" > \"${SCRIPT_OUTPUT_FILE_0}\"\n";
			showEnvVarsInLog = 0;
		};
/* End PBXShellScriptBuildPhase section */

/* Begin PBXSourcesBuildPhase section */
		A3286D4323CE806B0013227D /* Sources */ = {
			isa = PBXSourcesBuildPhase;
			buildActionMask = 2147483647;
			files = (
				A3286D8123CF24250013227D /* Settings.swift in Sources */,
				A3286D4B23CE806B0013227D /* AppDelegate.swift in Sources */,
				A3286D5023CE806B0013227D /* Tip_Calculator.xcdatamodeld in Sources */,
				A3286D5223CE806B0013227D /* ContentView.swift in Sources */,
				A3286D4D23CE806B0013227D /* SceneDelegate.swift in Sources */,
				A3286D7F23CE8DCD0013227D /* MoneyInput.swift in Sources */,
			);
			runOnlyForDeploymentPostprocessing = 0;
		};
		A3286D5C23CE806C0013227D /* Sources */ = {
			isa = PBXSourcesBuildPhase;
			buildActionMask = 2147483647;
			files = (
				A3286D6523CE806C0013227D /* Tip_CalculatorTests.swift in Sources */,
			);
			runOnlyForDeploymentPostprocessing = 0;
		};
		A3286D6723CE806C0013227D /* Sources */ = {
			isa = PBXSourcesBuildPhase;
			buildActionMask = 2147483647;
			files = (
				A3286D7023CE806C0013227D /* Tip_CalculatorUITests.swift in Sources */,
			);
			runOnlyForDeploymentPostprocessing = 0;
		};
/* End PBXSourcesBuildPhase section */

/* Begin PBXTargetDependency section */
		A3286D6223CE806C0013227D /* PBXTargetDependency */ = {
			isa = PBXTargetDependency;
			target = A3286D4623CE806B0013227D /* Tip Calculator */;
			targetProxy = A3286D6123CE806C0013227D /* PBXContainerItemProxy */;
		};
		A3286D6D23CE806C0013227D /* PBXTargetDependency */ = {
			isa = PBXTargetDependency;
			target = A3286D4623CE806B0013227D /* Tip Calculator */;
			targetProxy = A3286D6C23CE806C0013227D /* PBXContainerItemProxy */;
		};
/* End PBXTargetDependency section */

/* Begin PBXVariantGroup section */
		A3286D5823CE806C0013227D /* LaunchScreen.storyboard */ = {
			isa = PBXVariantGroup;
			children = (
				A3286D5923CE806C0013227D /* Base */,
			);
			name = LaunchScreen.storyboard;
			sourceTree = "<group>";
		};
/* End PBXVariantGroup section */

/* Begin XCBuildConfiguration section */
		A3286D7223CE806C0013227D /* Debug */ = {
			isa = XCBuildConfiguration;
			buildSettings = {
				ALWAYS_SEARCH_USER_PATHS = NO;
				CLANG_ANALYZER_NONNULL = YES;
				CLANG_ANALYZER_NUMBER_OBJECT_CONVERSION = YES_AGGRESSIVE;
				CLANG_CXX_LANGUAGE_STANDARD = "gnu++14";
				CLANG_CXX_LIBRARY = "libc++";
				CLANG_ENABLE_MODULES = YES;
				CLANG_ENABLE_OBJC_ARC = YES;
				CLANG_ENABLE_OBJC_WEAK = YES;
				CLANG_WARN_BLOCK_CAPTURE_AUTORELEASING = YES;
				CLANG_WARN_BOOL_CONVERSION = YES;
				CLANG_WARN_COMMA = YES;
				CLANG_WARN_CONSTANT_CONVERSION = YES;
				CLANG_WARN_DEPRECATED_OBJC_IMPLEMENTATIONS = YES;
				CLANG_WARN_DIRECT_OBJC_ISA_USAGE = YES_ERROR;
				CLANG_WARN_DOCUMENTATION_COMMENTS = YES;
				CLANG_WARN_EMPTY_BODY = YES;
				CLANG_WARN_ENUM_CONVERSION = YES;
				CLANG_WARN_INFINITE_RECURSION = YES;
				CLANG_WARN_INT_CONVERSION = YES;
				CLANG_WARN_NON_LITERAL_NULL_CONVERSION = YES;
				CLANG_WARN_OBJC_IMPLICIT_RETAIN_SELF = YES;
				CLANG_WARN_OBJC_LITERAL_CONVERSION = YES;
				CLANG_WARN_OBJC_ROOT_CLASS = YES_ERROR;
				CLANG_WARN_RANGE_LOOP_ANALYSIS = YES;
				CLANG_WARN_STRICT_PROTOTYPES = YES;
				CLANG_WARN_SUSPICIOUS_MOVE = YES;
				CLANG_WARN_UNGUARDED_AVAILABILITY = YES_AGGRESSIVE;
				CLANG_WARN_UNREACHABLE_CODE = YES;
				CLANG_WARN__DUPLICATE_METHOD_MATCH = YES;
				COPY_PHASE_STRIP = NO;
				DEBUG_INFORMATION_FORMAT = dwarf;
				ENABLE_STRICT_OBJC_MSGSEND = YES;
				ENABLE_TESTABILITY = YES;
				GCC_C_LANGUAGE_STANDARD = gnu11;
				GCC_DYNAMIC_NO_PIC = NO;
				GCC_NO_COMMON_BLOCKS = YES;
				GCC_OPTIMIZATION_LEVEL = 0;
				GCC_PREPROCESSOR_DEFINITIONS = (
					"DEBUG=1",
					"$(inherited)",
				);
				GCC_WARN_64_TO_32_BIT_CONVERSION = YES;
				GCC_WARN_ABOUT_RETURN_TYPE = YES_ERROR;
				GCC_WARN_UNDECLARED_SELECTOR = YES;
				GCC_WARN_UNINITIALIZED_AUTOS = YES_AGGRESSIVE;
				GCC_WARN_UNUSED_FUNCTION = YES;
				GCC_WARN_UNUSED_VARIABLE = YES;
				IPHONEOS_DEPLOYMENT_TARGET = 13.2;
				MTL_ENABLE_DEBUG_INFO = INCLUDE_SOURCE;
				MTL_FAST_MATH = YES;
				ONLY_ACTIVE_ARCH = YES;
				SDKROOT = iphoneos;
				SWIFT_ACTIVE_COMPILATION_CONDITIONS = DEBUG;
				SWIFT_OPTIMIZATION_LEVEL = "-Onone";
			};
			name = Debug;
		};
		A3286D7323CE806C0013227D /* Release */ = {
			isa = XCBuildConfiguration;
			buildSettings = {
				ALWAYS_SEARCH_USER_PATHS = NO;
				CLANG_ANALYZER_NONNULL = YES;
				CLANG_ANALYZER_NUMBER_OBJECT_CONVERSION = YES_AGGRESSIVE;
				CLANG_CXX_LANGUAGE_STANDARD = "gnu++14";
				CLANG_CXX_LIBRARY = "libc++";
				CLANG_ENABLE_MODULES = YES;
				CLANG_ENABLE_OBJC_ARC = YES;
				CLANG_ENABLE_OBJC_WEAK = YES;
				CLANG_WARN_BLOCK_CAPTURE_AUTORELEASING = YES;
				CLANG_WARN_BOOL_CONVERSION = YES;
				CLANG_WARN_COMMA = YES;
				CLANG_WARN_CONSTANT_CONVERSION = YES;
				CLANG_WARN_DEPRECATED_OBJC_IMPLEMENTATIONS = YES;
				CLANG_WARN_DIRECT_OBJC_ISA_USAGE = YES_ERROR;
				CLANG_WARN_DOCUMENTATION_COMMENTS = YES;
				CLANG_WARN_EMPTY_BODY = YES;
				CLANG_WARN_ENUM_CONVERSION = YES;
				CLANG_WARN_INFINITE_RECURSION = YES;
				CLANG_WARN_INT_CONVERSION = YES;
				CLANG_WARN_NON_LITERAL_NULL_CONVERSION = YES;
				CLANG_WARN_OBJC_IMPLICIT_RETAIN_SELF = YES;
				CLANG_WARN_OBJC_LITERAL_CONVERSION = YES;
				CLANG_WARN_OBJC_ROOT_CLASS = YES_ERROR;
				CLANG_WARN_RANGE_LOOP_ANALYSIS = YES;
				CLANG_WARN_STRICT_PROTOTYPES = YES;
				CLANG_WARN_SUSPICIOUS_MOVE = YES;
				CLANG_WARN_UNGUARDED_AVAILABILITY = YES_AGGRESSIVE;
				CLANG_WARN_UNREACHABLE_CODE = YES;
				CLANG_WARN__DUPLICATE_METHOD_MATCH = YES;
				COPY_PHASE_STRIP = NO;
				DEBUG_INFORMATION_FORMAT = "dwarf-with-dsym";
				ENABLE_NS_ASSERTIONS = NO;
				ENABLE_STRICT_OBJC_MSGSEND = YES;
				GCC_C_LANGUAGE_STANDARD = gnu11;
				GCC_NO_COMMON_BLOCKS = YES;
				GCC_WARN_64_TO_32_BIT_CONVERSION = YES;
				GCC_WARN_ABOUT_RETURN_TYPE = YES_ERROR;
				GCC_WARN_UNDECLARED_SELECTOR = YES;
				GCC_WARN_UNINITIALIZED_AUTOS = YES_AGGRESSIVE;
				GCC_WARN_UNUSED_FUNCTION = YES;
				GCC_WARN_UNUSED_VARIABLE = YES;
				IPHONEOS_DEPLOYMENT_TARGET = 13.2;
				MTL_ENABLE_DEBUG_INFO = NO;
				MTL_FAST_MATH = YES;
				SDKROOT = iphoneos;
				SWIFT_COMPILATION_MODE = wholemodule;
				SWIFT_OPTIMIZATION_LEVEL = "-O";
				VALIDATE_PRODUCT = YES;
			};
			name = Release;
		};
		A3286D7523CE806C0013227D /* Debug */ = {
			isa = XCBuildConfiguration;
			baseConfigurationReference = 868D8978281815689E442825 /* Pods-Tip Calculator.debug.xcconfig */;
			buildSettings = {
				ASSETCATALOG_COMPILER_APPICON_NAME = AppIcon;
				CODE_SIGN_STYLE = Automatic;
				DEVELOPMENT_ASSET_PATHS = "\"Tip Calculator/Preview Content\"";
				DEVELOPMENT_TEAM = 5ZW524U785;
				ENABLE_PREVIEWS = YES;
				INFOPLIST_FILE = "Tip Calculator/Info.plist";
				LD_RUNPATH_SEARCH_PATHS = (
					"$(inherited)",
					"@executable_path/Frameworks",
				);
				PRODUCT_BUNDLE_IDENTIFIER = "paulpan.Tip-Calculator";
				PRODUCT_NAME = "$(TARGET_NAME)";
				SWIFT_VERSION = 5.0;
				TARGETED_DEVICE_FAMILY = "1,2";
			};
			name = Debug;
		};
		A3286D7623CE806C0013227D /* Release */ = {
			isa = XCBuildConfiguration;
			baseConfigurationReference = 73A999848F7BD3D4ECF740C8 /* Pods-Tip Calculator.release.xcconfig */;
			buildSettings = {
				ASSETCATALOG_COMPILER_APPICON_NAME = AppIcon;
				CODE_SIGN_STYLE = Automatic;
				DEVELOPMENT_ASSET_PATHS = "\"Tip Calculator/Preview Content\"";
				DEVELOPMENT_TEAM = 5ZW524U785;
				ENABLE_PREVIEWS = YES;
				INFOPLIST_FILE = "Tip Calculator/Info.plist";
				LD_RUNPATH_SEARCH_PATHS = (
					"$(inherited)",
					"@executable_path/Frameworks",
				);
				PRODUCT_BUNDLE_IDENTIFIER = "paulpan.Tip-Calculator";
				PRODUCT_NAME = "$(TARGET_NAME)";
				SWIFT_VERSION = 5.0;
				TARGETED_DEVICE_FAMILY = "1,2";
			};
			name = Release;
		};
		A3286D7823CE806C0013227D /* Debug */ = {
			isa = XCBuildConfiguration;
			buildSettings = {
				ALWAYS_EMBED_SWIFT_STANDARD_LIBRARIES = YES;
				BUNDLE_LOADER = "$(TEST_HOST)";
				CODE_SIGN_STYLE = Automatic;
				INFOPLIST_FILE = "Tip CalculatorTests/Info.plist";
				IPHONEOS_DEPLOYMENT_TARGET = 13.2;
				LD_RUNPATH_SEARCH_PATHS = (
					"$(inherited)",
					"@executable_path/Frameworks",
					"@loader_path/Frameworks",
				);
				PRODUCT_BUNDLE_IDENTIFIER = "paulpan.Tip-CalculatorTests";
				PRODUCT_NAME = "$(TARGET_NAME)";
				SWIFT_VERSION = 5.0;
				TARGETED_DEVICE_FAMILY = "1,2";
				TEST_HOST = "$(BUILT_PRODUCTS_DIR)/Tip Calculator.app/Tip Calculator";
			};
			name = Debug;
		};
		A3286D7923CE806C0013227D /* Release */ = {
			isa = XCBuildConfiguration;
			buildSettings = {
				ALWAYS_EMBED_SWIFT_STANDARD_LIBRARIES = YES;
				BUNDLE_LOADER = "$(TEST_HOST)";
				CODE_SIGN_STYLE = Automatic;
				INFOPLIST_FILE = "Tip CalculatorTests/Info.plist";
				IPHONEOS_DEPLOYMENT_TARGET = 13.2;
				LD_RUNPATH_SEARCH_PATHS = (
					"$(inherited)",
					"@executable_path/Frameworks",
					"@loader_path/Frameworks",
				);
				PRODUCT_BUNDLE_IDENTIFIER = "paulpan.Tip-CalculatorTests";
				PRODUCT_NAME = "$(TARGET_NAME)";
				SWIFT_VERSION = 5.0;
				TARGETED_DEVICE_FAMILY = "1,2";
				TEST_HOST = "$(BUILT_PRODUCTS_DIR)/Tip Calculator.app/Tip Calculator";
			};
			name = Release;
		};
		A3286D7B23CE806C0013227D /* Debug */ = {
			isa = XCBuildConfiguration;
			buildSettings = {
				ALWAYS_EMBED_SWIFT_STANDARD_LIBRARIES = YES;
				CODE_SIGN_STYLE = Automatic;
				INFOPLIST_FILE = "Tip CalculatorUITests/Info.plist";
				LD_RUNPATH_SEARCH_PATHS = (
					"$(inherited)",
					"@executable_path/Frameworks",
					"@loader_path/Frameworks",
				);
				PRODUCT_BUNDLE_IDENTIFIER = "paulpan.Tip-CalculatorUITests";
				PRODUCT_NAME = "$(TARGET_NAME)";
				SWIFT_VERSION = 5.0;
				TARGETED_DEVICE_FAMILY = "1,2";
				TEST_TARGET_NAME = "Tip Calculator";
			};
			name = Debug;
		};
		A3286D7C23CE806C0013227D /* Release */ = {
			isa = XCBuildConfiguration;
			buildSettings = {
				ALWAYS_EMBED_SWIFT_STANDARD_LIBRARIES = YES;
				CODE_SIGN_STYLE = Automatic;
				INFOPLIST_FILE = "Tip CalculatorUITests/Info.plist";
				LD_RUNPATH_SEARCH_PATHS = (
					"$(inherited)",
					"@executable_path/Frameworks",
					"@loader_path/Frameworks",
				);
				PRODUCT_BUNDLE_IDENTIFIER = "paulpan.Tip-CalculatorUITests";
				PRODUCT_NAME = "$(TARGET_NAME)";
				SWIFT_VERSION = 5.0;
				TARGETED_DEVICE_FAMILY = "1,2";
				TEST_TARGET_NAME = "Tip Calculator";
			};
			name = Release;
		};
/* End XCBuildConfiguration section */

/* Begin XCConfigurationList section */
		A3286D4223CE806B0013227D /* Build configuration list for PBXProject "Tip Calculator" */ = {
			isa = XCConfigurationList;
			buildConfigurations = (
				A3286D7223CE806C0013227D /* Debug */,
				A3286D7323CE806C0013227D /* Release */,
			);
			defaultConfigurationIsVisible = 0;
			defaultConfigurationName = Release;
		};
		A3286D7423CE806C0013227D /* Build configuration list for PBXNativeTarget "Tip Calculator" */ = {
			isa = XCConfigurationList;
			buildConfigurations = (
				A3286D7523CE806C0013227D /* Debug */,
				A3286D7623CE806C0013227D /* Release */,
			);
			defaultConfigurationIsVisible = 0;
			defaultConfigurationName = Release;
		};
		A3286D7723CE806C0013227D /* Build configuration list for PBXNativeTarget "Tip CalculatorTests" */ = {
			isa = XCConfigurationList;
			buildConfigurations = (
				A3286D7823CE806C0013227D /* Debug */,
				A3286D7923CE806C0013227D /* Release */,
			);
			defaultConfigurationIsVisible = 0;
			defaultConfigurationName = Release;
		};
		A3286D7A23CE806C0013227D /* Build configuration list for PBXNativeTarget "Tip CalculatorUITests" */ = {
			isa = XCConfigurationList;
			buildConfigurations = (
				A3286D7B23CE806C0013227D /* Debug */,
				A3286D7C23CE806C0013227D /* Release */,
			);
			defaultConfigurationIsVisible = 0;
			defaultConfigurationName = Release;
		};
/* End XCConfigurationList section */

/* Begin XCVersionGroup section */
		A3286D4E23CE806B0013227D /* Tip_Calculator.xcdatamodeld */ = {
			isa = XCVersionGroup;
			children = (
				A3286D4F23CE806B0013227D /* Tip_Calculator.xcdatamodel */,
			);
			currentVersion = A3286D4F23CE806B0013227D /* Tip_Calculator.xcdatamodel */;
			path = Tip_Calculator.xcdatamodeld;
			sourceTree = "<group>";
			versionGroupType = wrapper.xcdatamodel;
		};
/* End XCVersionGroup section */
	};
	rootObject = A3286D3F23CE806B0013227D /* Project object */;
}
